{
  "name": "poly2geohash",
  "version": "1.0.2",
  "lockfileVersion": 1,
  "requires": true,
  "dependencies": {
    "@turf/bbox": {
      "version": "6.0.1",
      "resolved": "https://registry.npmjs.org/@turf/bbox/-/bbox-6.0.1.tgz",
      "integrity": "sha512-EGgaRLettBG25Iyx7VyUINsPpVj1x3nFQFiGS3ER8KCI1MximzNLsam3eXRabqQDjyAKyAE1bJ4EZEpGvspQxw==",
      "requires": {
        "@turf/helpers": "6.x",
        "@turf/meta": "6.x"
      }
    },
    "@turf/bbox-polygon": {
      "version": "6.0.1",
      "resolved": "https://registry.npmjs.org/@turf/bbox-polygon/-/bbox-polygon-6.0.1.tgz",
      "integrity": "sha512-f6BK6GOzUNjmJeOYHklk/5LNcQMQbo51gvAM10dTM5IqzKP01KM5bgV88uOKfSZB0HRQVpaRV1tgXk2bg5cPRg==",
      "requires": {
        "@turf/helpers": "6.x"
      }
    },
    "@turf/bearing": {
      "version": "6.0.1",
      "resolved": "https://registry.npmjs.org/@turf/bearing/-/bearing-6.0.1.tgz",
      "integrity": "sha512-mXY1NozqV9EFfBTbUItujwfqfQF0G/Xe2fzvnZle90ekPEUfhi4Dgf5JswJTd96J9LiT8kcd6Jonp5khnx0wIg==",
      "requires": {
        "@turf/helpers": "6.x",
        "@turf/invariant": "6.x"
      }
    },
    "@turf/boolean-overlap": {
      "version": "6.0.1",
      "resolved": "https://registry.npmjs.org/@turf/boolean-overlap/-/boolean-overlap-6.0.1.tgz",
      "integrity": "sha512-Ud6a75BzNYICVc5/Pf/GJ/3M5XZci6AOGlBNUPvhUrG4nT4NNYeXIpVrx1FB/tAg8EwZZXlhwSO26CTDC13XlA==",
      "requires": {
        "@turf/helpers": "6.x",
        "@turf/invariant": "6.x",
        "@turf/line-intersect": "6.x",
        "@turf/line-overlap": "6.x",
        "@turf/meta": "6.x",
        "geojson-equality": "0.1.6"
      }
    },
    "@turf/boolean-point-in-polygon": {
      "version": "6.0.1",
      "resolved": "https://registry.npmjs.org/@turf/boolean-point-in-polygon/-/boolean-point-in-polygon-6.0.1.tgz",
      "integrity": "sha512-FKLOZ124vkJhjzNSDcqpwp2NvfnsbYoUOt5iAE7uskt4svix5hcjIEgX9sELFTJpbLGsD1mUbKdfns8tZxcMNg==",
      "requires": {
        "@turf/helpers": "6.x",
        "@turf/invariant": "6.x"
      }
    },
    "@turf/boolean-point-on-line": {
      "version": "6.0.1",
      "resolved": "https://registry.npmjs.org/@turf/boolean-point-on-line/-/boolean-point-on-line-6.0.1.tgz",
      "integrity": "sha512-Vl724Tzh4CF/13kgblOAQnMcHagromCP1EfyJ9G/8SxpSoTYeY2G6FmmcpbW51GqKxC7xgM9+Pck50dun7oYkg==",
      "requires": {
        "@turf/helpers": "6.x",
        "@turf/invariant": "6.x"
      }
    },
    "@turf/boolean-within": {
      "version": "6.0.1",
      "resolved": "https://registry.npmjs.org/@turf/boolean-within/-/boolean-within-6.0.1.tgz",
      "integrity": "sha512-fAzDoWzA4UvUE99G8VqQjVg+PSrPBACM9+SLcl0vkbxIhTjoknpTUwSfH86EgKiCkTDttiDIs/q27xZ4H+mgLQ==",
      "requires": {
        "@turf/bbox": "6.x",
        "@turf/boolean-point-in-polygon": "6.x",
        "@turf/boolean-point-on-line": "6.x",
        "@turf/helpers": "6.x",
        "@turf/invariant": "6.x"
      }
    },
    "@turf/centroid": {
      "version": "6.0.2",
      "resolved": "https://registry.npmjs.org/@turf/centroid/-/centroid-6.0.2.tgz",
      "integrity": "sha512-auyDauOtC4eddH7GC3CHFTDu2PKhpSeKCRhwhHhXtJqn2dWCJQNIoCeJRmfXRIbzCWhWvgvQafvvhq8HNvmvWw==",
      "dev": true,
      "requires": {
        "@turf/helpers": "6.x",
        "@turf/meta": "6.x"
      }
    },
    "@turf/destination": {
      "version": "6.0.1",
      "resolved": "https://registry.npmjs.org/@turf/destination/-/destination-6.0.1.tgz",
      "integrity": "sha512-MroK4nRdp7as174miCAugp8Uvorhe6rZ7MJiC9Hb4+hZR7gNFJyVKmkdDDXIoCYs6MJQsx0buI+gsCpKwgww0Q==",
      "requires": {
        "@turf/helpers": "6.x",
        "@turf/invariant": "6.x"
      }
    },
    "@turf/distance": {
      "version": "6.0.1",
      "resolved": "https://registry.npmjs.org/@turf/distance/-/distance-6.0.1.tgz",
      "integrity": "sha512-q7t7rWIWfkg7MP1Vt4uLjSEhe5rPfCO2JjpKmk7JC+QZKEQkuvHEqy3ejW1iC7Kw5ZcZNR3qdMGGz+6HnVwqvg==",
      "requires": {
        "@turf/helpers": "6.x",
        "@turf/invariant": "6.x"
      }
    },
    "@turf/envelope": {
      "version": "5.1.5",
      "resolved": "https://registry.npmjs.org/@turf/envelope/-/envelope-5.1.5.tgz",
      "integrity": "sha1-UBMwnFP91D369LWIplw/7X28EIo=",
      "requires": {
        "@turf/bbox": "^5.1.5",
        "@turf/bbox-polygon": "^5.1.5",
        "@turf/helpers": "^5.1.5"
      },
      "dependencies": {
        "@turf/bbox": {
          "version": "5.1.5",
          "resolved": "https://registry.npmjs.org/@turf/bbox/-/bbox-5.1.5.tgz",
          "integrity": "sha1-MFHfUUrUxQ9KT5uKLRX9i2hA7aM=",
          "requires": {
            "@turf/helpers": "^5.1.5",
            "@turf/meta": "^5.1.5"
          }
        },
        "@turf/bbox-polygon": {
          "version": "5.1.5",
          "resolved": "https://registry.npmjs.org/@turf/bbox-polygon/-/bbox-polygon-5.1.5.tgz",
          "integrity": "sha1-auuk7VHYXSluD3w4uIwznwHu4CQ=",
          "requires": {
            "@turf/helpers": "^5.1.5"
          }
        },
        "@turf/helpers": {
          "version": "5.1.5",
          "resolved": "https://registry.npmjs.org/@turf/helpers/-/helpers-5.1.5.tgz",
          "integrity": "sha1-FTQFInq5M9AEpbuWQantmZ/L4M8="
        },
        "@turf/meta": {
          "version": "5.2.0",
          "resolved": "https://registry.npmjs.org/@turf/meta/-/meta-5.2.0.tgz",
          "integrity": "sha1-OxrUhe4MOwsXdRMqMsOE1T5LpT0=",
          "requires": {
            "@turf/helpers": "^5.1.5"
          }
        }
      }
    },
    "@turf/helpers": {
      "version": "6.1.4",
      "resolved": "https://registry.npmjs.org/@turf/helpers/-/helpers-6.1.4.tgz",
      "integrity": "sha512-vJvrdOZy1ngC7r3MDA7zIGSoIgyrkWcGnNIEaqn/APmw+bVLF2gAW7HIsdTxd12s5wQMqEpqIQrmrbRRZ0xC7g=="
    },
    "@turf/intersect": {
      "version": "6.1.3",
      "resolved": "https://registry.npmjs.org/@turf/intersect/-/intersect-6.1.3.tgz",
      "integrity": "sha512-SeAJG/zPRRTeyK2OifkPoyLq60q8tv8prpPIH3R8ZhyF4MdLOnMv5MURaQ6kQd+3UTDrL+pYm6rqbPvln1zqIw==",
      "requires": {
        "@turf/helpers": "6.x",
        "@turf/invariant": "6.x",
        "martinez-polygon-clipping": "^0.4.3"
      }
    },
    "@turf/invariant": {
      "version": "6.1.2",
      "resolved": "https://registry.npmjs.org/@turf/invariant/-/invariant-6.1.2.tgz",
      "integrity": "sha512-WU08Ph8j0J2jVGlQCKChXoCtI50BB3yEH21V++V0T4cR1T27HKCxkehV2sYMwTierfMBgjwSwDIsxnR4/2mWXg==",
      "requires": {
        "@turf/helpers": "6.x"
      }
    },
    "@turf/line-intersect": {
      "version": "6.0.2",
      "resolved": "https://registry.npmjs.org/@turf/line-intersect/-/line-intersect-6.0.2.tgz",
      "integrity": "sha512-pfL/lBu7ukBPdTjvSCmcNUzZ83V4R95htwqs5NqU8zeS4R+5KTwacbrOYKztjpmHBwUmPEIIpSbqkUoD0Fp7kg==",
      "requires": {
        "@turf/helpers": "6.x",
        "@turf/invariant": "6.x",
        "@turf/line-segment": "6.x",
        "@turf/meta": "6.x",
        "geojson-rbush": "3.x"
      }
    },
    "@turf/line-overlap": {
      "version": "6.0.2",
      "resolved": "https://registry.npmjs.org/@turf/line-overlap/-/line-overlap-6.0.2.tgz",
      "integrity": "sha512-Y7VTttNM+31R2hPa9N4a9ZaX/n1eOHvJkeBivXr/LBZClba365IzD9vtljYHMZQqD3SN7VmFJSmJyBIghO4V3Q==",
      "requires": {
        "@turf/boolean-point-on-line": "6.x",
        "@turf/helpers": "6.x",
        "@turf/invariant": "6.x",
        "@turf/line-segment": "6.x",
        "@turf/meta": "6.x",
        "@turf/nearest-point-on-line": "6.x",
        "deep-equal": "1.x",
        "geojson-rbush": "3.x"
      }
    },
    "@turf/line-segment": {
      "version": "6.0.2",
      "resolved": "https://registry.npmjs.org/@turf/line-segment/-/line-segment-6.0.2.tgz",
      "integrity": "sha512-8AkzDHoNw3X68y115josal+lvdAi4b2P1K0YNTKGyLRBaUhPXVSuMBpMd53FRF1hYEb9UJgMbugF9ZE7m5L6zg==",
      "requires": {
        "@turf/helpers": "6.x",
        "@turf/invariant": "6.x",
        "@turf/meta": "6.x"
      }
    },
    "@turf/line-split": {
      "version": "5.1.5",
      "resolved": "https://registry.npmjs.org/@turf/line-split/-/line-split-5.1.5.tgz",
      "integrity": "sha1-Wy30w3YZty73JbUWPPmSbVVArLc=",
      "requires": {
        "@turf/bbox": "^5.1.5",
        "@turf/helpers": "^5.1.5",
        "@turf/invariant": "^5.1.5",
        "@turf/line-intersect": "^5.1.5",
        "@turf/line-segment": "^5.1.5",
        "@turf/meta": "^5.1.5",
        "@turf/nearest-point-on-line": "^5.1.5",
        "@turf/square": "^5.1.5",
        "@turf/truncate": "^5.1.5",
        "geojson-rbush": "2.1.0"
      },
      "dependencies": {
        "@turf/bbox": {
          "version": "5.1.5",
          "resolved": "https://registry.npmjs.org/@turf/bbox/-/bbox-5.1.5.tgz",
          "integrity": "sha1-MFHfUUrUxQ9KT5uKLRX9i2hA7aM=",
          "requires": {
            "@turf/helpers": "^5.1.5",
            "@turf/meta": "^5.1.5"
          }
        },
        "@turf/bearing": {
          "version": "5.1.5",
          "resolved": "https://registry.npmjs.org/@turf/bearing/-/bearing-5.1.5.tgz",
          "integrity": "sha1-egt5ATbE70eX8CRjBdRcvi0ns/c=",
          "requires": {
            "@turf/helpers": "^5.1.5",
            "@turf/invariant": "^5.1.5"
          }
        },
        "@turf/destination": {
          "version": "5.1.5",
          "resolved": "https://registry.npmjs.org/@turf/destination/-/destination-5.1.5.tgz",
          "integrity": "sha1-7TU4G9zoO73cvQei4rzivd/7zCY=",
          "requires": {
            "@turf/helpers": "^5.1.5",
            "@turf/invariant": "^5.1.5"
          }
        },
        "@turf/distance": {
          "version": "5.1.5",
          "resolved": "https://registry.npmjs.org/@turf/distance/-/distance-5.1.5.tgz",
          "integrity": "sha1-Oc8YIEu/h1h9cH5gmmARiQkVZAk=",
          "requires": {
            "@turf/helpers": "^5.1.5",
            "@turf/invariant": "^5.1.5"
          }
        },
        "@turf/helpers": {
          "version": "5.1.5",
          "resolved": "https://registry.npmjs.org/@turf/helpers/-/helpers-5.1.5.tgz",
          "integrity": "sha1-FTQFInq5M9AEpbuWQantmZ/L4M8="
        },
        "@turf/invariant": {
          "version": "5.2.0",
          "resolved": "https://registry.npmjs.org/@turf/invariant/-/invariant-5.2.0.tgz",
          "integrity": "sha1-8BUP9ykLOFd7c9CIt5MsHuCqkKc=",
          "requires": {
            "@turf/helpers": "^5.1.5"
          }
        },
        "@turf/line-intersect": {
          "version": "5.1.5",
          "resolved": "https://registry.npmjs.org/@turf/line-intersect/-/line-intersect-5.1.5.tgz",
          "integrity": "sha1-DikHGuQDKV5JFyO8SfXPrI0R3fM=",
          "requires": {
            "@turf/helpers": "^5.1.5",
            "@turf/invariant": "^5.1.5",
            "@turf/line-segment": "^5.1.5",
            "@turf/meta": "^5.1.5",
            "geojson-rbush": "2.1.0"
          }
        },
        "@turf/line-segment": {
          "version": "5.1.5",
          "resolved": "https://registry.npmjs.org/@turf/line-segment/-/line-segment-5.1.5.tgz",
          "integrity": "sha1-Mgeq7lRqskw9jcPMY/kcdwuAE+U=",
          "requires": {
            "@turf/helpers": "^5.1.5",
            "@turf/invariant": "^5.1.5",
            "@turf/meta": "^5.1.5"
          }
        },
        "@turf/meta": {
          "version": "5.2.0",
          "resolved": "https://registry.npmjs.org/@turf/meta/-/meta-5.2.0.tgz",
          "integrity": "sha1-OxrUhe4MOwsXdRMqMsOE1T5LpT0=",
          "requires": {
            "@turf/helpers": "^5.1.5"
          }
        },
        "@turf/nearest-point-on-line": {
          "version": "5.1.5",
          "resolved": "https://registry.npmjs.org/@turf/nearest-point-on-line/-/nearest-point-on-line-5.1.5.tgz",
          "integrity": "sha1-VgauKX8VlHUkvqUaKp71HsG/nDY=",
          "requires": {
            "@turf/bearing": "^5.1.5",
            "@turf/destination": "^5.1.5",
            "@turf/distance": "^5.1.5",
            "@turf/helpers": "^5.1.5",
            "@turf/invariant": "^5.1.5",
            "@turf/line-intersect": "^5.1.5",
            "@turf/meta": "^5.1.5"
          }
        },
        "geojson-rbush": {
          "version": "2.1.0",
          "resolved": "https://registry.npmjs.org/geojson-rbush/-/geojson-rbush-2.1.0.tgz",
          "integrity": "sha1-O9c745H8ELCuaT2bis6iquC4Oo0=",
          "requires": {
            "@turf/helpers": "*",
            "@turf/meta": "*",
            "rbush": "*"
          }
        }
      }
    },
    "@turf/line-to-polygon": {
      "version": "6.0.1",
      "resolved": "https://registry.npmjs.org/@turf/line-to-polygon/-/line-to-polygon-6.0.1.tgz",
      "integrity": "sha512-MO97h57gAP0nn7SrmOPkCTK44KoR1rUgiLVflUSfX/cT1My5xcFufakKL/5Qq8+B2JW8Q4kN6NFcgAeoO514tw==",
      "requires": {
        "@turf/bbox": "6.x",
        "@turf/helpers": "6.x",
        "@turf/invariant": "6.x"
      }
    },
    "@turf/meta": {
      "version": "6.0.2",
      "resolved": "https://registry.npmjs.org/@turf/meta/-/meta-6.0.2.tgz",
      "integrity": "sha512-VA7HJkx7qF1l3+GNGkDVn2oXy4+QoLP6LktXAaZKjuT1JI0YESat7quUkbCMy4zP9lAUuvS4YMslLyTtr919FA==",
      "requires": {
        "@turf/helpers": "6.x"
      }
    },
    "@turf/nearest-point-on-line": {
      "version": "6.0.2",
      "resolved": "https://registry.npmjs.org/@turf/nearest-point-on-line/-/nearest-point-on-line-6.0.2.tgz",
      "integrity": "sha512-re9tSEwYyG1EMo4ObXXAKYVhkMVANPIIJQ1V/J1lKcNfHVc1pYmd3D5jkTNBh+oriI9VL4PVML3eqYE+Zcg0mg==",
      "requires": {
        "@turf/bearing": "6.x",
        "@turf/destination": "6.x",
        "@turf/distance": "6.x",
        "@turf/helpers": "6.x",
        "@turf/invariant": "6.x",
        "@turf/line-intersect": "6.x",
        "@turf/meta": "6.x"
      }
    },
    "@turf/square": {
      "version": "5.1.5",
      "resolved": "https://registry.npmjs.org/@turf/square/-/square-5.1.5.tgz",
      "integrity": "sha1-qnsh5gM8ySUsOlvW89iNq9b+0YA=",
      "requires": {
        "@turf/distance": "^5.1.5",
        "@turf/helpers": "^5.1.5"
      },
      "dependencies": {
        "@turf/distance": {
          "version": "5.1.5",
          "resolved": "https://registry.npmjs.org/@turf/distance/-/distance-5.1.5.tgz",
          "integrity": "sha1-Oc8YIEu/h1h9cH5gmmARiQkVZAk=",
          "requires": {
            "@turf/helpers": "^5.1.5",
            "@turf/invariant": "^5.1.5"
          }
        },
        "@turf/helpers": {
          "version": "5.1.5",
          "resolved": "https://registry.npmjs.org/@turf/helpers/-/helpers-5.1.5.tgz",
          "integrity": "sha1-FTQFInq5M9AEpbuWQantmZ/L4M8="
        },
        "@turf/invariant": {
          "version": "5.2.0",
          "resolved": "https://registry.npmjs.org/@turf/invariant/-/invariant-5.2.0.tgz",
          "integrity": "sha1-8BUP9ykLOFd7c9CIt5MsHuCqkKc=",
          "requires": {
            "@turf/helpers": "^5.1.5"
          }
        }
      }
    },
    "@turf/truncate": {
      "version": "5.1.5",
      "resolved": "https://registry.npmjs.org/@turf/truncate/-/truncate-5.1.5.tgz",
      "integrity": "sha1-nu37Oxi6gfLJjT6tCUMcyhiErYk=",
      "requires": {
        "@turf/helpers": "^5.1.5",
        "@turf/meta": "^5.1.5"
      },
      "dependencies": {
        "@turf/helpers": {
          "version": "5.1.5",
          "resolved": "https://registry.npmjs.org/@turf/helpers/-/helpers-5.1.5.tgz",
          "integrity": "sha1-FTQFInq5M9AEpbuWQantmZ/L4M8="
        },
        "@turf/meta": {
          "version": "5.2.0",
          "resolved": "https://registry.npmjs.org/@turf/meta/-/meta-5.2.0.tgz",
          "integrity": "sha1-OxrUhe4MOwsXdRMqMsOE1T5LpT0=",
          "requires": {
            "@turf/helpers": "^5.1.5"
          }
        }
      }
    },
    "deep-equal": {
      "version": "1.0.1",
      "resolved": "https://registry.npmjs.org/deep-equal/-/deep-equal-1.0.1.tgz",
      "integrity": "sha1-9dJgKStmDghO/0zbyfCK0yR0SLU="
    },
    "geojson-equality": {
      "version": "0.1.6",
      "resolved": "https://registry.npmjs.org/geojson-equality/-/geojson-equality-0.1.6.tgz",
      "integrity": "sha1-oXE3TvBD5dR5eZWEC65GSOB1LXI=",
      "requires": {
        "deep-equal": "^1.0.0"
      }
    },
    "geojson-rbush": {
      "version": "3.1.1",
      "resolved": "https://registry.npmjs.org/geojson-rbush/-/geojson-rbush-3.1.1.tgz",
      "integrity": "sha512-Bl6U75yDCsERl2P6PiBkvxIoXsSv5SEEiDJy+a7JarcEe17jEm8zamAmi82KLRcIlcuRZxgeVCl1xw5UkxOREw==",
      "requires": {
        "@turf/bbox": "*",
        "@turf/helpers": "6.x",
        "@turf/meta": "6.x",
        "rbush": "*"
      }
    },
    "martinez-polygon-clipping": {
      "version": "0.4.3",
      "resolved": "https://registry.npmjs.org/martinez-polygon-clipping/-/martinez-polygon-clipping-0.4.3.tgz",
      "integrity": "sha512-3ZNS0ksKhWTLsmCUkNf+/UimndZ5U2cVOS0I+IjiwF+M23E77TmeOZSmbRJbfCoQUog/vcQ42s3DXrhgOhgPqw==",
      "requires": {
        "splaytree": "^0.1.4",
        "tinyqueue": "^1.2.0"
      }
    },
    "ngeohash": {
      "version": "0.6.3",
      "resolved": "https://registry.npmjs.org/ngeohash/-/ngeohash-0.6.3.tgz",
      "integrity": "sha512-kltF0cOxgx1AbmVzKxYZaoB0aj7mOxZeHaerEtQV0YaqnkXNq26WWqMmJ6lTqShYxVRWZ/mwvvTrNeOwdslWiw=="
    },
    "quickselect": {
      "version": "2.0.0",
      "resolved": "https://registry.npmjs.org/quickselect/-/quickselect-2.0.0.tgz",
      "integrity": "sha512-RKJ22hX8mHe3Y6wH/N3wCM6BWtjaxIyyUIkpHOvfFnxdI4yD4tBXEBKSbriGujF6jnSVkJrffuo6vxACiSSxIw=="
    },
    "rbush": {
      "version": "3.0.0",
      "resolved": "https://registry.npmjs.org/rbush/-/rbush-3.0.0.tgz",
      "integrity": "sha512-hb6ViijtI77X4lyhfYDsjOc6icrJPVdHsxf44vYiGctsrWJNXoPtR6Uzvo8F562mJZysjn8YRI9jNKvDPK4ozQ==",
      "requires": {
        "quickselect": "^2.0.0"
      }
    },
    "splaytree": {
      "version": "0.1.4",
      "resolved": "https://registry.npmjs.org/splaytree/-/splaytree-0.1.4.tgz",
      "integrity": "sha512-D50hKrjZgBzqD3FT2Ek53f2dcDLAQT8SSGrzj3vidNH5ISRgceeGVJ2dQIthKOuayqFXfFjXheHNo4bbt9LhRQ=="
    },
    "tinyqueue": {
      "version": "1.2.3",
      "resolved": "https://registry.npmjs.org/tinyqueue/-/tinyqueue-1.2.3.tgz",
      "integrity": "sha512-Qz9RgWuO9l8lT+Y9xvbzhPT2efIUIFd69N7eF7tJ9lnQl0iLj1M7peK7IoUGZL9DJHw9XftqLreccfxcQgYLxA=="
    }
  }
}
